
Microsoft Visual Studio Solution File, Format Version 12.00
# Visual Studio 15
VisualStudioVersion = 15.0.27428.2037
MinimumVisualStudioVersion = 10.0.40219.1
Project("{151D2E53-A2C4-4D7D-83FE-D05416EBD58E}") = "LogAnalyticsResource", "LogAnalyticsResource\LogAnalyticsResource.deployproj", "{AD982E02-9E4C-4B0B-8B8D-33E3186F310C}"
EndProject
Global
	GlobalSection(SolutionConfigurationPlatforms) = preSolution
		Debug|Any CPU = Debug|Any CPU
		Release|Any CPU = Release|Any CPU
	EndGlobalSection
	GlobalSection(ProjectConfigurationPlatforms) = postSolution
		{AD982E02-9E4C-4B0B-8B8D-33E3186F310C}.Debug|Any CPU.ActiveCfg = Debug|Any CPU
		{AD982E02-9E4C-4B0B-8B8D-33E3186F310C}.Debug|Any CPU.Build.0 = Debug|Any CPU
		{AD982E02-9E4C-4B0B-8B8D-33E3186F310C}.Release|Any CPU.ActiveCfg = Release|Any CPU
		{AD982E02-9E4C-4B0B-8B8D-33E3186F310C}.Release|Any CPU.Build.0 = Release|Any CPU
	EndGlobalSection
	GlobalSection(SolutionProperties) = preSolution
		HideSolutionNode = FALSE
	EndGlobalSection
	GlobalSection(ExtensibilityGlobals) = postSolution
		SolutionGuid = {921BB861-CC2B-406E-94A5-4E52FC5783E3}
	EndGlobalSection
EndGlobal
